
Microsoft Visual Studio Solution File, Format Version 12.00
# Visual Studio Version 17
VisualStudioVersion = 17.10.35027.167
MinimumVisualStudioVersion = 10.0.40219.1
Project("{FAE04EC0-301F-11D3-BF4B-00C04F79EFBC}") = "Triangulo Classe", "Triangulo Classe\Triangulo Classe.csproj", "{4D6C6A9E-313F-4BA7-8B60-A786EE2A4F6B}"
EndProject
Global
	GlobalSection(SolutionConfigurationPlatforms) = preSolution
		Debug|Any CPU = Debug|Any CPU
		Release|Any CPU = Release|Any CPU
	EndGlobalSection
	GlobalSection(ProjectConfigurationPlatforms) = postSolution
		{4D6C6A9E-313F-4BA7-8B60-A786EE2A4F6B}.Debug|Any CPU.ActiveCfg = Debug|Any CPU
		{4D6C6A9E-313F-4BA7-8B60-A786EE2A4F6B}.Debug|Any CPU.Build.0 = Debug|Any CPU
		{4D6C6A9E-313F-4BA7-8B60-A786EE2A4F6B}.Release|Any CPU.ActiveCfg = Release|Any CPU
		{4D6C6A9E-313F-4BA7-8B60-A786EE2A4F6B}.Release|Any CPU.Build.0 = Release|Any CPU
	EndGlobalSection
	GlobalSection(SolutionProperties) = preSolution
		HideSolutionNode = FALSE
	EndGlobalSection
	GlobalSection(ExtensibilityGlobals) = postSolution
		SolutionGuid = {F96C1576-B051-4CC3-8B86-8E15B7B670C1}
	EndGlobalSection
EndGlobal
